
Microsoft Visual Studio Solution File, Format Version 12.00
# Visual Studio 15
VisualStudioVersion = 15.0.27130.2010
MinimumVisualStudioVersion = 10.0.40219.1
Project("{FAE04EC0-301F-11D3-BF4B-00C04F79EFBC}") = "LitSupport", "LitSupport\LitSupport.csproj", "{81392D9E-1FB6-45C1-986B-C62A827B897D}"
EndProject
Global
	GlobalSection(SolutionConfigurationPlatforms) = preSolution
		Debug|Any CPU = Debug|Any CPU
		Release|Any CPU = Release|Any CPU
	EndGlobalSection
	GlobalSection(ProjectConfigurationPlatforms) = postSolution
		{81392D9E-1FB6-45C1-986B-C62A827B897D}.Debug|Any CPU.ActiveCfg = Debug|Any CPU
		{81392D9E-1FB6-45C1-986B-C62A827B897D}.Debug|Any CPU.Build.0 = Debug|Any CPU
		{81392D9E-1FB6-45C1-986B-C62A827B897D}.Release|Any CPU.ActiveCfg = Release|Any CPU
		{81392D9E-1FB6-45C1-986B-C62A827B897D}.Release|Any CPU.Build.0 = Release|Any CPU
	EndGlobalSection
	GlobalSection(SolutionProperties) = preSolution
		HideSolutionNode = FALSE
	EndGlobalSection
	GlobalSection(ExtensibilityGlobals) = postSolution
		SolutionGuid = {F96D9297-ADB1-4E20-A83B-206C44D79639}
	EndGlobalSection
EndGlobal
